// !$*UTF8*$!
{
	archiveVersion = 1;
	classes = {
	};
	objectVersion = 46;
	objects = {

/* Begin PBXBuildFile section */
		BE17E6241B56FBB300C452A9 /* Quote+CoreDataProperties.swift in Sources */ = {isa = PBXBuildFile; fileRef = BE17E6221B56FBB300C452A9 /* Quote+CoreDataProperties.swift */; };
		BE17E6251B56FBB300C452A9 /* Quote.swift in Sources */ = {isa = PBXBuildFile; fileRef = BE17E6231B56FBB300C452A9 /* Quote.swift */; };
		BE37CEA91B56F59D00EA260B /* QuoteLibrary.xcdatamodeld in Sources */ = {isa = PBXBuildFile; fileRef = BE37CEA71B56F59D00EA260B /* QuoteLibrary.xcdatamodeld */; };
		BE540F4D1B5A802D00675A77 /* Operators.swift in Sources */ = {isa = PBXBuildFile; fileRef = BE540F4C1B5A802D00675A77 /* Operators.swift */; };
		BE540F4F1B5A814300675A77 /* Http.swift in Sources */ = {isa = PBXBuildFile; fileRef = BE540F4E1B5A814300675A77 /* Http.swift */; };
		BE794C8F1B55A020006A1E6A /* AppDelegate.swift in Sources */ = {isa = PBXBuildFile; fileRef = BE794C8E1B55A020006A1E6A /* AppDelegate.swift */; };
		BE794C911B55A020006A1E6A /* ViewController.swift in Sources */ = {isa = PBXBuildFile; fileRef = BE794C901B55A020006A1E6A /* ViewController.swift */; };
		BE794C941B55A020006A1E6A /* Main.storyboard in Resources */ = {isa = PBXBuildFile; fileRef = BE794C921B55A020006A1E6A /* Main.storyboard */; };
		BE794C961B55A020006A1E6A /* Assets.xcassets in Resources */ = {isa = PBXBuildFile; fileRef = BE794C951B55A020006A1E6A /* Assets.xcassets */; };
		BE794C991B55A020006A1E6A /* LaunchScreen.storyboard in Resources */ = {isa = PBXBuildFile; fileRef = BE794C971B55A020006A1E6A /* LaunchScreen.storyboard */; };
		BE794C9E1B55A020006A1E6A /* wwkd WatchKit App.app in Embed Watch Content */ = {isa = PBXBuildFile; fileRef = BE794C9D1B55A020006A1E6A /* wwkd WatchKit App.app */; };
		BE794CA41B55A020006A1E6A /* Interface.storyboard in Resources */ = {isa = PBXBuildFile; fileRef = BE794CA21B55A020006A1E6A /* Interface.storyboard */; };
		BE794CA61B55A020006A1E6A /* Assets.xcassets in Resources */ = {isa = PBXBuildFile; fileRef = BE794CA51B55A020006A1E6A /* Assets.xcassets */; };
		BE794CAD1B55A020006A1E6A /* wwkd WatchKit Extension.appex in Embed App Extensions */ = {isa = PBXBuildFile; fileRef = BE794CAC1B55A020006A1E6A /* wwkd WatchKit Extension.appex */; settings = {ATTRIBUTES = (RemoveHeadersOnCopy, ); }; };
		BE794CB41B55A020006A1E6A /* InterfaceController.swift in Sources */ = {isa = PBXBuildFile; fileRef = BE794CB31B55A020006A1E6A /* InterfaceController.swift */; };
		BE794CB61B55A020006A1E6A /* ExtensionDelegate.swift in Sources */ = {isa = PBXBuildFile; fileRef = BE794CB51B55A020006A1E6A /* ExtensionDelegate.swift */; };
		BE794CB81B55A021006A1E6A /* NotificationController.swift in Sources */ = {isa = PBXBuildFile; fileRef = BE794CB71B55A021006A1E6A /* NotificationController.swift */; };
		BE794CBA1B55A021006A1E6A /* Assets.xcassets in Resources */ = {isa = PBXBuildFile; fileRef = BE794CB91B55A021006A1E6A /* Assets.xcassets */; };
		BE794CCB1B55A035006A1E6A /* Notifier.swift in Sources */ = {isa = PBXBuildFile; fileRef = BE794CC91B55A035006A1E6A /* Notifier.swift */; };
		BE794CCC1B55A035006A1E6A /* QuoteLibrary.swift in Sources */ = {isa = PBXBuildFile; fileRef = BE794CCA1B55A035006A1E6A /* QuoteLibrary.swift */; };
		BEC11F961B57223D0090A2BF /* quotes_library.json in Resources */ = {isa = PBXBuildFile; fileRef = BEC11F951B57223D0090A2BF /* quotes_library.json */; };
		BEC11F9E1B5A6C3B0090A2BF /* CircleProgressBar.m in Sources */ = {isa = PBXBuildFile; fileRef = BEC11F9D1B5A6C3B0090A2BF /* CircleProgressBar.m */; };
/* End PBXBuildFile section */

/* Begin PBXContainerItemProxy section */
		BE794C9F1B55A020006A1E6A /* PBXContainerItemProxy */ = {
			isa = PBXContainerItemProxy;
			containerPortal = BE794C831B55A020006A1E6A /* Project object */;
			proxyType = 1;
			remoteGlobalIDString = BE794C9C1B55A020006A1E6A;
			remoteInfo = "wwkd WatchKit App";
		};
		BE794CAE1B55A020006A1E6A /* PBXContainerItemProxy */ = {
			isa = PBXContainerItemProxy;
			containerPortal = BE794C831B55A020006A1E6A /* Project object */;
			proxyType = 1;
			remoteGlobalIDString = BE794CAB1B55A020006A1E6A;
			remoteInfo = "wwkd WatchKit Extension";
		};
/* End PBXContainerItemProxy section */

/* Begin PBXCopyFilesBuildPhase section */
		BE794CC11B55A021006A1E6A /* Embed App Extensions */ = {
			isa = PBXCopyFilesBuildPhase;
			buildActionMask = 2147483647;
			dstPath = "";
			dstSubfolderSpec = 13;
			files = (
				BE794CAD1B55A020006A1E6A /* wwkd WatchKit Extension.appex in Embed App Extensions */,
			);
			name = "Embed App Extensions";
			runOnlyForDeploymentPostprocessing = 0;
		};
		BE794CC51B55A021006A1E6A /* Embed Watch Content */ = {
			isa = PBXCopyFilesBuildPhase;
			buildActionMask = 2147483647;
			dstPath = "$(CONTENTS_FOLDER_PATH)/Watch";
			dstSubfolderSpec = 16;
			files = (
				BE794C9E1B55A020006A1E6A /* wwkd WatchKit App.app in Embed Watch Content */,
			);
			name = "Embed Watch Content";
			runOnlyForDeploymentPostprocessing = 0;
		};
/* End PBXCopyFilesBuildPhase section */

/* Begin PBXFileReference section */
		BE17E6221B56FBB300C452A9 /* Quote+CoreDataProperties.swift */ = {isa = PBXFileReference; fileEncoding = 4; lastKnownFileType = sourcecode.swift; path = "Quote+CoreDataProperties.swift"; sourceTree = "<group>"; };
		BE17E6231B56FBB300C452A9 /* Quote.swift */ = {isa = PBXFileReference; fileEncoding = 4; lastKnownFileType = sourcecode.swift; path = Quote.swift; sourceTree = "<group>"; };
		BE37CEA81B56F59D00EA260B /* QuoteLibrary.xcdatamodel */ = {isa = PBXFileReference; lastKnownFileType = wrapper.xcdatamodel; path = QuoteLibrary.xcdatamodel; sourceTree = "<group>"; };
		BE540F4C1B5A802D00675A77 /* Operators.swift */ = {isa = PBXFileReference; fileEncoding = 4; lastKnownFileType = sourcecode.swift; path = Operators.swift; sourceTree = "<group>"; };
		BE540F4E1B5A814300675A77 /* Http.swift */ = {isa = PBXFileReference; fileEncoding = 4; lastKnownFileType = sourcecode.swift; path = Http.swift; sourceTree = "<group>"; };
		BE794C8B1B55A020006A1E6A /* wwkd.app */ = {isa = PBXFileReference; explicitFileType = wrapper.application; includeInIndex = 0; path = wwkd.app; sourceTree = BUILT_PRODUCTS_DIR; };
		BE794C8E1B55A020006A1E6A /* AppDelegate.swift */ = {isa = PBXFileReference; lastKnownFileType = sourcecode.swift; path = AppDelegate.swift; sourceTree = "<group>"; };
		BE794C901B55A020006A1E6A /* ViewController.swift */ = {isa = PBXFileReference; lastKnownFileType = sourcecode.swift; path = ViewController.swift; sourceTree = "<group>"; };
		BE794C931B55A020006A1E6A /* Base */ = {isa = PBXFileReference; lastKnownFileType = file.storyboard; name = Base; path = Base.lproj/Main.storyboard; sourceTree = "<group>"; };
		BE794C951B55A020006A1E6A /* Assets.xcassets */ = {isa = PBXFileReference; lastKnownFileType = folder.assetcatalog; path = Assets.xcassets; sourceTree = "<group>"; };
		BE794C981B55A020006A1E6A /* Base */ = {isa = PBXFileReference; lastKnownFileType = file.storyboard; name = Base; path = Base.lproj/LaunchScreen.storyboard; sourceTree = "<group>"; };
		BE794C9A1B55A020006A1E6A /* Info.plist */ = {isa = PBXFileReference; lastKnownFileType = text.plist.xml; path = Info.plist; sourceTree = "<group>"; };
		BE794C9D1B55A020006A1E6A /* wwkd WatchKit App.app */ = {isa = PBXFileReference; explicitFileType = wrapper.application; includeInIndex = 0; path = "wwkd WatchKit App.app"; sourceTree = BUILT_PRODUCTS_DIR; };
		BE794CA31B55A020006A1E6A /* Base */ = {isa = PBXFileReference; lastKnownFileType = file.storyboard; name = Base; path = Base.lproj/Interface.storyboard; sourceTree = "<group>"; };
		BE794CA51B55A020006A1E6A /* Assets.xcassets */ = {isa = PBXFileReference; lastKnownFileType = folder.assetcatalog; path = Assets.xcassets; sourceTree = "<group>"; };
		BE794CA71B55A020006A1E6A /* Info.plist */ = {isa = PBXFileReference; lastKnownFileType = text.plist.xml; path = Info.plist; sourceTree = "<group>"; };
		BE794CAC1B55A020006A1E6A /* wwkd WatchKit Extension.appex */ = {isa = PBXFileReference; explicitFileType = "wrapper.app-extension"; includeInIndex = 0; path = "wwkd WatchKit Extension.appex"; sourceTree = BUILT_PRODUCTS_DIR; };
		BE794CB21B55A020006A1E6A /* PushNotificationPayload.apns */ = {isa = PBXFileReference; lastKnownFileType = text; path = PushNotificationPayload.apns; sourceTree = "<group>"; };
		BE794CB31B55A020006A1E6A /* InterfaceController.swift */ = {isa = PBXFileReference; lastKnownFileType = sourcecode.swift; path = InterfaceController.swift; sourceTree = "<group>"; };
		BE794CB51B55A020006A1E6A /* ExtensionDelegate.swift */ = {isa = PBXFileReference; lastKnownFileType = sourcecode.swift; path = ExtensionDelegate.swift; sourceTree = "<group>"; };
		BE794CB71B55A021006A1E6A /* NotificationController.swift */ = {isa = PBXFileReference; lastKnownFileType = sourcecode.swift; path = NotificationController.swift; sourceTree = "<group>"; };
		BE794CB91B55A021006A1E6A /* Assets.xcassets */ = {isa = PBXFileReference; lastKnownFileType = folder.assetcatalog; path = Assets.xcassets; sourceTree = "<group>"; };
		BE794CBB1B55A021006A1E6A /* Info.plist */ = {isa = PBXFileReference; lastKnownFileType = text.plist.xml; path = Info.plist; sourceTree = "<group>"; };
		BE794CC91B55A035006A1E6A /* Notifier.swift */ = {isa = PBXFileReference; fileEncoding = 4; lastKnownFileType = sourcecode.swift; path = Notifier.swift; sourceTree = "<group>"; };
		BE794CCA1B55A035006A1E6A /* QuoteLibrary.swift */ = {isa = PBXFileReference; fileEncoding = 4; lastKnownFileType = sourcecode.swift; path = QuoteLibrary.swift; sourceTree = "<group>"; };
		BEC11F951B57223D0090A2BF /* quotes_library.json */ = {isa = PBXFileReference; fileEncoding = 4; lastKnownFileType = text.json; path = quotes_library.json; sourceTree = "<group>"; };
		BEC11F9B1B5A6C3B0090A2BF /* wwkd-Bridging-Header.h */ = {isa = PBXFileReference; lastKnownFileType = sourcecode.c.h; path = "wwkd-Bridging-Header.h"; sourceTree = "<group>"; };
		BEC11F9C1B5A6C3B0090A2BF /* CircleProgressBar.h */ = {isa = PBXFileReference; fileEncoding = 4; lastKnownFileType = sourcecode.c.h; path = CircleProgressBar.h; sourceTree = "<group>"; };
		BEC11F9D1B5A6C3B0090A2BF /* CircleProgressBar.m */ = {isa = PBXFileReference; fileEncoding = 4; lastKnownFileType = sourcecode.c.objc; path = CircleProgressBar.m; sourceTree = "<group>"; };
/* End PBXFileReference section */

/* Begin PBXFrameworksBuildPhase section */
		BE794C881B55A020006A1E6A /* Frameworks */ = {
			isa = PBXFrameworksBuildPhase;
			buildActionMask = 2147483647;
			files = (
			);
			runOnlyForDeploymentPostprocessing = 0;
		};
		BE794CA91B55A020006A1E6A /* Frameworks */ = {
			isa = PBXFrameworksBuildPhase;
			buildActionMask = 2147483647;
			files = (
			);
			runOnlyForDeploymentPostprocessing = 0;
		};
/* End PBXFrameworksBuildPhase section */

/* Begin PBXGroup section */
		BE794C821B55A020006A1E6A = {
			isa = PBXGroup;
			children = (
				BE794C8D1B55A020006A1E6A /* wwkd */,
				BE794CA11B55A020006A1E6A /* wwkd WatchKit App */,
				BE794CB01B55A020006A1E6A /* wwkd WatchKit Extension */,
				BE794C8C1B55A020006A1E6A /* Products */,
			);
			sourceTree = "<group>";
		};
		BE794C8C1B55A020006A1E6A /* Products */ = {
			isa = PBXGroup;
			children = (
				BE794C8B1B55A020006A1E6A /* wwkd.app */,
				BE794C9D1B55A020006A1E6A /* wwkd WatchKit App.app */,
				BE794CAC1B55A020006A1E6A /* wwkd WatchKit Extension.appex */,
			);
			name = Products;
			sourceTree = "<group>";
		};
		BE794C8D1B55A020006A1E6A /* wwkd */ = {
			isa = PBXGroup;
			children = (
				BEC11F9C1B5A6C3B0090A2BF /* CircleProgressBar.h */,
				BEC11F9D1B5A6C3B0090A2BF /* CircleProgressBar.m */,
				BE17E6221B56FBB300C452A9 /* Quote+CoreDataProperties.swift */,
				BE17E6231B56FBB300C452A9 /* Quote.swift */,
				BEC11F951B57223D0090A2BF /* quotes_library.json */,
				BE794CC91B55A035006A1E6A /* Notifier.swift */,
				BE794CCA1B55A035006A1E6A /* QuoteLibrary.swift */,
				BE794C8E1B55A020006A1E6A /* AppDelegate.swift */,
				BE37CEA71B56F59D00EA260B /* QuoteLibrary.xcdatamodeld */,
				BE794C901B55A020006A1E6A /* ViewController.swift */,
				BE794C921B55A020006A1E6A /* Main.storyboard */,
				BE794C951B55A020006A1E6A /* Assets.xcassets */,
				BE794C971B55A020006A1E6A /* LaunchScreen.storyboard */,
				BE794C9A1B55A020006A1E6A /* Info.plist */,
				BEC11F9B1B5A6C3B0090A2BF /* wwkd-Bridging-Header.h */,
				BE540F4C1B5A802D00675A77 /* Operators.swift */,
				BE540F4E1B5A814300675A77 /* Http.swift */,
			);
			path = wwkd;
			sourceTree = "<group>";
		};
		BE794CA11B55A020006A1E6A /* wwkd WatchKit App */ = {
			isa = PBXGroup;
			children = (
				BE794CA21B55A020006A1E6A /* Interface.storyboard */,
				BE794CA51B55A020006A1E6A /* Assets.xcassets */,
				BE794CA71B55A020006A1E6A /* Info.plist */,
			);
			path = "wwkd WatchKit App";
			sourceTree = "<group>";
		};
		BE794CB01B55A020006A1E6A /* wwkd WatchKit Extension */ = {
			isa = PBXGroup;
			children = (
				BE794CB31B55A020006A1E6A /* InterfaceController.swift */,
				BE794CB51B55A020006A1E6A /* ExtensionDelegate.swift */,
				BE794CB71B55A021006A1E6A /* NotificationController.swift */,
				BE794CB91B55A021006A1E6A /* Assets.xcassets */,
				BE794CBB1B55A021006A1E6A /* Info.plist */,
				BE794CB11B55A020006A1E6A /* Supporting Files */,
			);
			path = "wwkd WatchKit Extension";
			sourceTree = "<group>";
		};
		BE794CB11B55A020006A1E6A /* Supporting Files */ = {
			isa = PBXGroup;
			children = (
				BE794CB21B55A020006A1E6A /* PushNotificationPayload.apns */,
			);
			name = "Supporting Files";
			sourceTree = "<group>";
		};
/* End PBXGroup section */

/* Begin PBXNativeTarget section */
		BE794C8A1B55A020006A1E6A /* wwkd */ = {
			isa = PBXNativeTarget;
			buildConfigurationList = BE794CC61B55A021006A1E6A /* Build configuration list for PBXNativeTarget "wwkd" */;
			buildPhases = (
				BE794C871B55A020006A1E6A /* Sources */,
				BE794C881B55A020006A1E6A /* Frameworks */,
				BE794C891B55A020006A1E6A /* Resources */,
				BE794CC51B55A021006A1E6A /* Embed Watch Content */,
			);
			buildRules = (
			);
			dependencies = (
				BE794CA01B55A020006A1E6A /* PBXTargetDependency */,
			);
			name = wwkd;
			productName = wwkd;
			productReference = BE794C8B1B55A020006A1E6A /* wwkd.app */;
			productType = "com.apple.product-type.application";
		};
		BE794C9C1B55A020006A1E6A /* wwkd WatchKit App */ = {
			isa = PBXNativeTarget;
			buildConfigurationList = BE794CC21B55A021006A1E6A /* Build configuration list for PBXNativeTarget "wwkd WatchKit App" */;
			buildPhases = (
				BE794C9B1B55A020006A1E6A /* Resources */,
				BE794CC11B55A021006A1E6A /* Embed App Extensions */,
			);
			buildRules = (
			);
			dependencies = (
				BE794CAF1B55A020006A1E6A /* PBXTargetDependency */,
			);
			name = "wwkd WatchKit App";
			productName = "wwkd WatchKit App";
			productReference = BE794C9D1B55A020006A1E6A /* wwkd WatchKit App.app */;
			productType = "com.apple.product-type.application.watchapp2";
		};
		BE794CAB1B55A020006A1E6A /* wwkd WatchKit Extension */ = {
			isa = PBXNativeTarget;
			buildConfigurationList = BE794CBE1B55A021006A1E6A /* Build configuration list for PBXNativeTarget "wwkd WatchKit Extension" */;
			buildPhases = (
				BE794CA81B55A020006A1E6A /* Sources */,
				BE794CA91B55A020006A1E6A /* Frameworks */,
				BE794CAA1B55A020006A1E6A /* Resources */,
			);
			buildRules = (
			);
			dependencies = (
			);
			name = "wwkd WatchKit Extension";
			productName = "wwkd WatchKit Extension";
			productReference = BE794CAC1B55A020006A1E6A /* wwkd WatchKit Extension.appex */;
			productType = "com.apple.product-type.watchkit2-extension";
		};
/* End PBXNativeTarget section */

/* Begin PBXProject section */
		BE794C831B55A020006A1E6A /* Project object */ = {
			isa = PBXProject;
			attributes = {
				LastSwiftUpdateCheck = 0700;
				LastUpgradeCheck = 0700;
				ORGANIZATIONNAME = will;
				TargetAttributes = {
					BE794C8A1B55A020006A1E6A = {
						CreatedOnToolsVersion = 7.0;
						DevelopmentTeam = UDHVB768S3;
						SystemCapabilities = {
							com.apple.Push = {
								enabled = 1;
							};
						};
					};
					BE794C9C1B55A020006A1E6A = {
						CreatedOnToolsVersion = 7.0;
					};
					BE794CAB1B55A020006A1E6A = {
						CreatedOnToolsVersion = 7.0;
						DevelopmentTeam = UDHVB768S3;
					};
				};
			};
			buildConfigurationList = BE794C861B55A020006A1E6A /* Build configuration list for PBXProject "wwkd" */;
			compatibilityVersion = "Xcode 3.2";
			developmentRegion = English;
			hasScannedForEncodings = 0;
			knownRegions = (
				en,
				Base,
			);
			mainGroup = BE794C821B55A020006A1E6A;
			productRefGroup = BE794C8C1B55A020006A1E6A /* Products */;
			projectDirPath = "";
			projectRoot = "";
			targets = (
				BE794C8A1B55A020006A1E6A /* wwkd */,
				BE794C9C1B55A020006A1E6A /* wwkd WatchKit App */,
				BE794CAB1B55A020006A1E6A /* wwkd WatchKit Extension */,
			);
		};
/* End PBXProject section */

/* Begin PBXResourcesBuildPhase section */
		BE794C891B55A020006A1E6A /* Resources */ = {
			isa = PBXResourcesBuildPhase;
			buildActionMask = 2147483647;
			files = (
				BE794C991B55A020006A1E6A /* LaunchScreen.storyboard in Resources */,
				BE794C961B55A020006A1E6A /* Assets.xcassets in Resources */,
				BE794C941B55A020006A1E6A /* Main.storyboard in Resources */,
				BEC11F961B57223D0090A2BF /* quotes_library.json in Resources */,
			);
			runOnlyForDeploymentPostprocessing = 0;
		};
		BE794C9B1B55A020006A1E6A /* Resources */ = {
			isa = PBXResourcesBuildPhase;
			buildActionMask = 2147483647;
			files = (
				BE794CA61B55A020006A1E6A /* Assets.xcassets in Resources */,
				BE794CA41B55A020006A1E6A /* Interface.storyboard in Resources */,
			);
			runOnlyForDeploymentPostprocessing = 0;
		};
		BE794CAA1B55A020006A1E6A /* Resources */ = {
			isa = PBXResourcesBuildPhase;
			buildActionMask = 2147483647;
			files = (
				BE794CBA1B55A021006A1E6A /* Assets.xcassets in Resources */,
			);
			runOnlyForDeploymentPostprocessing = 0;
		};
/* End PBXResourcesBuildPhase section */

/* Begin PBXSourcesBuildPhase section */
		BE794C871B55A020006A1E6A /* Sources */ = {
			isa = PBXSourcesBuildPhase;
			buildActionMask = 2147483647;
			files = (
				BE17E6241B56FBB300C452A9 /* Quote+CoreDataProperties.swift in Sources */,
				BE794C911B55A020006A1E6A /* ViewController.swift in Sources */,
				BEC11F9E1B5A6C3B0090A2BF /* CircleProgressBar.m in Sources */,
				BE37CEA91B56F59D00EA260B /* QuoteLibrary.xcdatamodeld in Sources */,
				BE794CCB1B55A035006A1E6A /* Notifier.swift in Sources */,
				BE794CCC1B55A035006A1E6A /* QuoteLibrary.swift in Sources */,
				BE17E6251B56FBB300C452A9 /* Quote.swift in Sources */,
				BE794C8F1B55A020006A1E6A /* AppDelegate.swift in Sources */,
				BE540F4D1B5A802D00675A77 /* Operators.swift in Sources */,
				BE540F4F1B5A814300675A77 /* Http.swift in Sources */,
			);
			runOnlyForDeploymentPostprocessing = 0;
		};
		BE794CA81B55A020006A1E6A /* Sources */ = {
			isa = PBXSourcesBuildPhase;
			buildActionMask = 2147483647;
			files = (
				BE794CB81B55A021006A1E6A /* NotificationController.swift in Sources */,
				BE794CB61B55A020006A1E6A /* ExtensionDelegate.swift in Sources */,
				BE794CB41B55A020006A1E6A /* InterfaceController.swift in Sources */,
			);
			runOnlyForDeploymentPostprocessing = 0;
		};
/* End PBXSourcesBuildPhase section */

/* Begin PBXTargetDependency section */
		BE794CA01B55A020006A1E6A /* PBXTargetDependency */ = {
			isa = PBXTargetDependency;
			target = BE794C9C1B55A020006A1E6A /* wwkd WatchKit App */;
			targetProxy = BE794C9F1B55A020006A1E6A /* PBXContainerItemProxy */;
		};
		BE794CAF1B55A020006A1E6A /* PBXTargetDependency */ = {
			isa = PBXTargetDependency;
			target = BE794CAB1B55A020006A1E6A /* wwkd WatchKit Extension */;
			targetProxy = BE794CAE1B55A020006A1E6A /* PBXContainerItemProxy */;
		};
/* End PBXTargetDependency section */

/* Begin PBXVariantGroup section */
		BE794C921B55A020006A1E6A /* Main.storyboard */ = {
			isa = PBXVariantGroup;
			children = (
				BE794C931B55A020006A1E6A /* Base */,
			);
			name = Main.storyboard;
			sourceTree = "<group>";
		};
		BE794C971B55A020006A1E6A /* LaunchScreen.storyboard */ = {
			isa = PBXVariantGroup;
			children = (
				BE794C981B55A020006A1E6A /* Base */,
			);
			name = LaunchScreen.storyboard;
			sourceTree = "<group>";
		};
		BE794CA21B55A020006A1E6A /* Interface.storyboard */ = {
			isa = PBXVariantGroup;
			children = (
				BE794CA31B55A020006A1E6A /* Base */,
			);
			name = Interface.storyboard;
			sourceTree = "<group>";
		};
/* End PBXVariantGroup section */

/* Begin XCBuildConfiguration section */
		BE794CBC1B55A021006A1E6A /* Debug */ = {
			isa = XCBuildConfiguration;
			buildSettings = {
				ALWAYS_SEARCH_USER_PATHS = NO;
				CLANG_CXX_LANGUAGE_STANDARD = "gnu++0x";
				CLANG_CXX_LIBRARY = "libc++";
				CLANG_ENABLE_MODULES = YES;
				CLANG_ENABLE_OBJC_ARC = YES;
				CLANG_WARN_BOOL_CONVERSION = YES;
				CLANG_WARN_CONSTANT_CONVERSION = YES;
				CLANG_WARN_DIRECT_OBJC_ISA_USAGE = YES_ERROR;
				CLANG_WARN_EMPTY_BODY = YES;
				CLANG_WARN_ENUM_CONVERSION = YES;
				CLANG_WARN_INT_CONVERSION = YES;
				CLANG_WARN_OBJC_ROOT_CLASS = YES_ERROR;
				CLANG_WARN_UNREACHABLE_CODE = YES;
				CLANG_WARN__DUPLICATE_METHOD_MATCH = YES;
				CODE_SIGN_IDENTITY = "iPhone Developer: Will Bartlett (4MZ29SYXFM)";
				"CODE_SIGN_IDENTITY[sdk=iphoneos*]" = "iPhone Developer";
				COPY_PHASE_STRIP = NO;
				DEBUG_INFORMATION_FORMAT = dwarf;
				ENABLE_STRICT_OBJC_MSGSEND = YES;
				ENABLE_TESTABILITY = YES;
				GCC_C_LANGUAGE_STANDARD = gnu99;
				GCC_DYNAMIC_NO_PIC = NO;
				GCC_NO_COMMON_BLOCKS = YES;
				GCC_OPTIMIZATION_LEVEL = 0;
				GCC_PREPROCESSOR_DEFINITIONS = (
					"DEBUG=1",
					"$(inherited)",
				);
				GCC_WARN_64_TO_32_BIT_CONVERSION = YES;
				GCC_WARN_ABOUT_RETURN_TYPE = YES_ERROR;
				GCC_WARN_UNDECLARED_SELECTOR = YES;
				GCC_WARN_UNINITIALIZED_AUTOS = YES_AGGRESSIVE;
				GCC_WARN_UNUSED_FUNCTION = YES;
				GCC_WARN_UNUSED_VARIABLE = YES;
				IPHONEOS_DEPLOYMENT_TARGET = 9.0;
				MTL_ENABLE_DEBUG_INFO = YES;
				ONLY_ACTIVE_ARCH = YES;
				SDKROOT = iphoneos;
				SWIFT_OBJC_BRIDGING_HEADER = "wwkd/wwkd/wwkd-Bridging-Header.h";
				SWIFT_OPTIMIZATION_LEVEL = "-Onone";
			};
			name = Debug;
		};
		BE794CBD1B55A021006A1E6A /* Release */ = {
			isa = XCBuildConfiguration;
			buildSettings = {
				ALWAYS_SEARCH_USER_PATHS = NO;
				CLANG_CXX_LANGUAGE_STANDARD = "gnu++0x";
				CLANG_CXX_LIBRARY = "libc++";
				CLANG_ENABLE_MODULES = YES;
				CLANG_ENABLE_OBJC_ARC = YES;
				CLANG_WARN_BOOL_CONVERSION = YES;
				CLANG_WARN_CONSTANT_CONVERSION = YES;
				CLANG_WARN_DIRECT_OBJC_ISA_USAGE = YES_ERROR;
				CLANG_WARN_EMPTY_BODY = YES;
				CLANG_WARN_ENUM_CONVERSION = YES;
				CLANG_WARN_INT_CONVERSION = YES;
				CLANG_WARN_OBJC_ROOT_CLASS = YES_ERROR;
				CLANG_WARN_UNREACHABLE_CODE = YES;
				CLANG_WARN__DUPLICATE_METHOD_MATCH = YES;
				CODE_SIGN_IDENTITY = "iPhone Developer: Will Bartlett (4MZ29SYXFM)";
				"CODE_SIGN_IDENTITY[sdk=iphoneos*]" = "iPhone Developer";
				COPY_PHASE_STRIP = NO;
				DEBUG_INFORMATION_FORMAT = "dwarf-with-dsym";
				ENABLE_NS_ASSERTIONS = NO;
				ENABLE_STRICT_OBJC_MSGSEND = YES;
				GCC_C_LANGUAGE_STANDARD = gnu99;
				GCC_NO_COMMON_BLOCKS = YES;
				GCC_WARN_64_TO_32_BIT_CONVERSION = YES;
				GCC_WARN_ABOUT_RETURN_TYPE = YES_ERROR;
				GCC_WARN_UNDECLARED_SELECTOR = YES;
				GCC_WARN_UNINITIALIZED_AUTOS = YES_AGGRESSIVE;
				GCC_WARN_UNUSED_FUNCTION = YES;
				GCC_WARN_UNUSED_VARIABLE = YES;
				IPHONEOS_DEPLOYMENT_TARGET = 9.0;
				MTL_ENABLE_DEBUG_INFO = NO;
				SDKROOT = iphoneos;
				SWIFT_OBJC_BRIDGING_HEADER = "wwkd/wwkd/wwkd-Bridging-Header.h";
				VALIDATE_PRODUCT = YES;
			};
			name = Release;
		};
		BE794CBF1B55A021006A1E6A /* Debug */ = {
			isa = XCBuildConfiguration;
			buildSettings = {
				CODE_SIGN_IDENTITY = "iPhone Developer: Will Bartlett (4MZ29SYXFM)";
				"CODE_SIGN_IDENTITY[sdk=watchos*]" = "iPhone Developer: Will Bartlett (4MZ29SYXFM)";
				INFOPLIST_FILE = "wwkd WatchKit Extension/Info.plist";
				LD_RUNPATH_SEARCH_PATHS = "$(inherited) @executable_path/Frameworks @executable_path/../../Frameworks";
				PRODUCT_BUNDLE_IDENTIFIER = kushio.wwkd.watchkitapp.watchkitextension;
				PRODUCT_NAME = "${TARGET_NAME}";
				PROVISIONING_PROFILE = "ba7874cb-d730-4f86-8178-35d3a52a110a";
				SDKROOT = watchos;
				SKIP_INSTALL = YES;
				SWIFT_OBJC_BRIDGING_HEADER = "";
				TARGETED_DEVICE_FAMILY = 4;
				WATCHOS_DEPLOYMENT_TARGET = 2.0;
			};
			name = Debug;
		};
		BE794CC01B55A021006A1E6A /* Release */ = {
			isa = XCBuildConfiguration;
			buildSettings = {
				CODE_SIGN_IDENTITY = "iPhone Developer: Will Bartlett (4MZ29SYXFM)";
				"CODE_SIGN_IDENTITY[sdk=watchos*]" = "iPhone Developer: Will Bartlett (4MZ29SYXFM)";
				INFOPLIST_FILE = "wwkd WatchKit Extension/Info.plist";
				LD_RUNPATH_SEARCH_PATHS = "$(inherited) @executable_path/Frameworks @executable_path/../../Frameworks";
				PRODUCT_BUNDLE_IDENTIFIER = kushio.wwkd.watchkitapp.watchkitextension;
				PRODUCT_NAME = "${TARGET_NAME}";
				PROVISIONING_PROFILE = "ba7874cb-d730-4f86-8178-35d3a52a110a";
				SDKROOT = watchos;
				SKIP_INSTALL = YES;
				SWIFT_OBJC_BRIDGING_HEADER = "";
				TARGETED_DEVICE_FAMILY = 4;
				WATCHOS_DEPLOYMENT_TARGET = 2.0;
			};
			name = Release;
		};
		BE794CC31B55A021006A1E6A /* Debug */ = {
			isa = XCBuildConfiguration;
			buildSettings = {
				ASSETCATALOG_COMPILER_APPICON_NAME = AppIcon;
				EMBEDDED_CONTENT_CONTAINS_SWIFT = YES;
				IBSC_MODULE = wwkd_WatchKit_Extension;
				INFOPLIST_FILE = "wwkd WatchKit App/Info.plist";
				PRODUCT_BUNDLE_IDENTIFIER = kushio.wwkd.watchkitapp;
				PRODUCT_NAME = "$(TARGET_NAME)";
				SDKROOT = watchos;
				SKIP_INSTALL = YES;
				TARGETED_DEVICE_FAMILY = 4;
				WATCHOS_DEPLOYMENT_TARGET = 2.0;
			};
			name = Debug;
		};
		BE794CC41B55A021006A1E6A /* Release */ = {
			isa = XCBuildConfiguration;
			buildSettings = {
				ASSETCATALOG_COMPILER_APPICON_NAME = AppIcon;
				EMBEDDED_CONTENT_CONTAINS_SWIFT = YES;
				IBSC_MODULE = wwkd_WatchKit_Extension;
				INFOPLIST_FILE = "wwkd WatchKit App/Info.plist";
				PRODUCT_BUNDLE_IDENTIFIER = kushio.wwkd.watchkitapp;
				PRODUCT_NAME = "$(TARGET_NAME)";
				SDKROOT = watchos;
				SKIP_INSTALL = YES;
				TARGETED_DEVICE_FAMILY = 4;
				WATCHOS_DEPLOYMENT_TARGET = 2.0;
			};
			name = Release;
		};
		BE794CC71B55A021006A1E6A /* Debug */ = {
			isa = XCBuildConfiguration;
			buildSettings = {
				ASSETCATALOG_COMPILER_APPICON_NAME = AppIcon;
				CLANG_ENABLE_MODULES = YES;
				CODE_SIGN_IDENTITY = "iPhone Developer: Will Bartlett (4MZ29SYXFM)";
				"CODE_SIGN_IDENTITY[sdk=iphoneos*]" = "iPhone Developer: Will Bartlett (4MZ29SYXFM)";
				INFOPLIST_FILE = wwkd/Info.plist;
				IPHONEOS_DEPLOYMENT_TARGET = 8.4;
				LD_RUNPATH_SEARCH_PATHS = "$(inherited) @executable_path/Frameworks";
				PRODUCT_BUNDLE_IDENTIFIER = kushio.wwkd;
				PRODUCT_NAME = "$(TARGET_NAME)";
				PROVISIONING_PROFILE = "15f4fb3f-92ad-41af-b8b7-f6bec7645d64";
				SWIFT_OBJC_BRIDGING_HEADER = "wwkd/wwkd-Bridging-Header.h";
				SWIFT_OPTIMIZATION_LEVEL = "-Onone";
			};
			name = Debug;
		};
		BE794CC81B55A021006A1E6A /* Release */ = {
			isa = XCBuildConfiguration;
			buildSettings = {
				ASSETCATALOG_COMPILER_APPICON_NAME = AppIcon;
				CLANG_ENABLE_MODULES = YES;
				CODE_SIGN_IDENTITY = "iPhone Developer: Will Bartlett (4MZ29SYXFM)";
				"CODE_SIGN_IDENTITY[sdk=iphoneos*]" = "iPhone Developer: Will Bartlett (4MZ29SYXFM)";
				INFOPLIST_FILE = wwkd/Info.plist;
				IPHONEOS_DEPLOYMENT_TARGET = 8.4;
				LD_RUNPATH_SEARCH_PATHS = "$(inherited) @executable_path/Frameworks";
				PRODUCT_BUNDLE_IDENTIFIER = kushio.wwkd;
				PRODUCT_NAME = "$(TARGET_NAME)";
				PROVISIONING_PROFILE = "15f4fb3f-92ad-41af-b8b7-f6bec7645d64";
				SWIFT_OBJC_BRIDGING_HEADER = "wwkd/wwkd-Bridging-Header.h";
			};
			name = Release;
		};
/* End XCBuildConfiguration section */

/* Begin XCConfigurationList section */
		BE794C861B55A020006A1E6A /* Build configuration list for PBXProject "wwkd" */ = {
			isa = XCConfigurationList;
			buildConfigurations = (
				BE794CBC1B55A021006A1E6A /* Debug */,
				BE794CBD1B55A021006A1E6A /* Release */,
			);
			defaultConfigurationIsVisible = 0;
			defaultConfigurationName = Release;
		};
		BE794CBE1B55A021006A1E6A /* Build configuration list for PBXNativeTarget "wwkd WatchKit Extension" */ = {
			isa = XCConfigurationList;
			buildConfigurations = (
				BE794CBF1B55A021006A1E6A /* Debug */,
				BE794CC01B55A021006A1E6A /* Release */,
			);
			defaultConfigurationIsVisible = 0;
			defaultConfigurationName = Release;
		};
		BE794CC21B55A021006A1E6A /* Build configuration list for PBXNativeTarget "wwkd WatchKit App" */ = {
			isa = XCConfigurationList;
			buildConfigurations = (
				BE794CC31B55A021006A1E6A /* Debug */,
				BE794CC41B55A021006A1E6A /* Release */,
			);
			defaultConfigurationIsVisible = 0;
			defaultConfigurationName = Release;
		};
		BE794CC61B55A021006A1E6A /* Build configuration list for PBXNativeTarget "wwkd" */ = {
			isa = XCConfigurationList;
			buildConfigurations = (
				BE794CC71B55A021006A1E6A /* Debug */,
				BE794CC81B55A021006A1E6A /* Release */,
			);
			defaultConfigurationIsVisible = 0;
			defaultConfigurationName = Release;
		};
/* End XCConfigurationList section */

/* Begin XCVersionGroup section */
		BE37CEA71B56F59D00EA260B /* QuoteLibrary.xcdatamodeld */ = {
			isa = XCVersionGroup;
			children = (
				BE37CEA81B56F59D00EA260B /* QuoteLibrary.xcdatamodel */,
			);
			currentVersion = BE37CEA81B56F59D00EA260B /* QuoteLibrary.xcdatamodel */;
			path = QuoteLibrary.xcdatamodeld;
			sourceTree = "<group>";
			versionGroupType = wrapper.xcdatamodel;
		};
/* End XCVersionGroup section */
	};
	rootObject = BE794C831B55A020006A1E6A /* Project object */;
}
